// !$*UTF8*$!
{
	archiveVersion = 1;
	classes = {
	};
	objectVersion = 77;
	objects = {

/* Begin PBXContainerItemProxy section */
		2B8A18862D0C9D3B00C24FD0 /* PBXContainerItemProxy */ = {
			isa = PBXContainerItemProxy;
			containerPortal = 2B8A186C2D0C9D3800C24FD0 /* Project object */;
			proxyType = 1;
			remoteGlobalIDString = 2B8A18732D0C9D3800C24FD0;
			remoteInfo = NooroTakeHome;
		};
		2B8A18902D0C9D3B00C24FD0 /* PBXContainerItemProxy */ = {
			isa = PBXContainerItemProxy;
			containerPortal = 2B8A186C2D0C9D3800C24FD0 /* Project object */;
			proxyType = 1;
			remoteGlobalIDString = 2B8A18732D0C9D3800C24FD0;
			remoteInfo = NooroTakeHome;
		};
/* End PBXContainerItemProxy section */

/* Begin PBXFileReference section */
		2B8A18742D0C9D3800C24FD0 /* NooroTakeHome.app */ = {isa = PBXFileReference; explicitFileType = wrapper.application; includeInIndex = 0; path = NooroTakeHome.app; sourceTree = BUILT_PRODUCTS_DIR; };
		2B8A18852D0C9D3B00C24FD0 /* NooroTakeHomeTests.xctest */ = {isa = PBXFileReference; explicitFileType = wrapper.cfbundle; includeInIndex = 0; path = NooroTakeHomeTests.xctest; sourceTree = BUILT_PRODUCTS_DIR; };
		2B8A188F2D0C9D3B00C24FD0 /* NooroTakeHomeUITests.xctest */ = {isa = PBXFileReference; explicitFileType = wrapper.cfbundle; includeInIndex = 0; path = NooroTakeHomeUITests.xctest; sourceTree = BUILT_PRODUCTS_DIR; };
/* End PBXFileReference section */

/* Begin PBXFileSystemSynchronizedBuildFileExceptionSet section */
		2B8A18E92D0CBD5C00C24FD0 /* Exceptions for "NooroTakeHome" folder in "NooroTakeHome" target */ = {
			isa = PBXFileSystemSynchronizedBuildFileExceptionSet;
			membershipExceptions = (
				Info.plist,
			);
			target = 2B8A18732D0C9D3800C24FD0 /* NooroTakeHome */;
		};
/* End PBXFileSystemSynchronizedBuildFileExceptionSet section */

/* Begin PBXFileSystemSynchronizedRootGroup section */
		2B8A18762D0C9D3800C24FD0 /* NooroTakeHome */ = {
			isa = PBXFileSystemSynchronizedRootGroup;
			exceptions = (
				2B8A18E92D0CBD5C00C24FD0 /* Exceptions for "NooroTakeHome" folder in "NooroTakeHome" target */,
			);
			path = NooroTakeHome;
			sourceTree = "<group>";
		};
		2B8A18882D0C9D3B00C24FD0 /* NooroTakeHomeTests */ = {
			isa = PBXFileSystemSynchronizedRootGroup;
			path = NooroTakeHomeTests;
			sourceTree = "<group>";
		};
		2B8A18922D0C9D3B00C24FD0 /* NooroTakeHomeUITests */ = {
			isa = PBXFileSystemSynchronizedRootGroup;
			path = NooroTakeHomeUITests;
			sourceTree = "<group>";
		};
/* End PBXFileSystemSynchronizedRootGroup section */

/* Begin PBXFrameworksBuildPhase section */
		2B8A18712D0C9D3800C24FD0 /* Frameworks */ = {
			isa = PBXFrameworksBuildPhase;
			buildActionMask = 2147483647;
			files = (
			);
			runOnlyForDeploymentPostprocessing = 0;
		};
		2B8A18822D0C9D3B00C24FD0 /* Frameworks */ = {
			isa = PBXFrameworksBuildPhase;
			buildActionMask = 2147483647;
			files = (
			);
			runOnlyForDeploymentPostprocessing = 0;
		};
		2B8A188C2D0C9D3B00C24FD0 /* Frameworks */ = {
			isa = PBXFrameworksBuildPhase;
			buildActionMask = 2147483647;
			files = (
			);
			runOnlyForDeploymentPostprocessing = 0;
		};
/* End PBXFrameworksBuildPhase section */

/* Begin PBXGroup section */
		2B8A186B2D0C9D3800C24FD0 = {
			isa = PBXGroup;
			children = (
				2B8A18762D0C9D3800C24FD0 /* NooroTakeHome */,
				2B8A18882D0C9D3B00C24FD0 /* NooroTakeHomeTests */,
				2B8A18922D0C9D3B00C24FD0 /* NooroTakeHomeUITests */,
				2B8A18752D0C9D3800C24FD0 /* Products */,
			);
			sourceTree = "<group>";
		};
		2B8A18752D0C9D3800C24FD0 /* Products */ = {
			isa = PBXGroup;
			children = (
				2B8A18742D0C9D3800C24FD0 /* NooroTakeHome.app */,
				2B8A18852D0C9D3B00C24FD0 /* NooroTakeHomeTests.xctest */,
				2B8A188F2D0C9D3B00C24FD0 /* NooroTakeHomeUITests.xctest */,
			);
			name = Products;
			sourceTree = "<group>";
		};
/* End PBXGroup section */

/* Begin PBXNativeTarget section */
		2B8A18732D0C9D3800C24FD0 /* NooroTakeHome */ = {
			isa = PBXNativeTarget;
			buildConfigurationList = 2B8A18992D0C9D3B00C24FD0 /* Build configuration list for PBXNativeTarget "NooroTakeHome" */;
			buildPhases = (
				2B8A18702D0C9D3800C24FD0 /* Sources */,
				2B8A18712D0C9D3800C24FD0 /* Frameworks */,
				2B8A18722D0C9D3800C24FD0 /* Resources */,
			);
			buildRules = (
			);
			dependencies = (
			);
			fileSystemSynchronizedGroups = (
				2B8A18762D0C9D3800C24FD0 /* NooroTakeHome */,
			);
			name = NooroTakeHome;
			packageProductDependencies = (
			);
			productName = NooroTakeHome;
			productReference = 2B8A18742D0C9D3800C24FD0 /* NooroTakeHome.app */;
			productType = "com.apple.product-type.application";
		};
		2B8A18842D0C9D3B00C24FD0 /* NooroTakeHomeTests */ = {
			isa = PBXNativeTarget;
			buildConfigurationList = 2B8A189C2D0C9D3B00C24FD0 /* Build configuration list for PBXNativeTarget "NooroTakeHomeTests" */;
			buildPhases = (
				2B8A18812D0C9D3B00C24FD0 /* Sources */,
				2B8A18822D0C9D3B00C24FD0 /* Frameworks */,
				2B8A18832D0C9D3B00C24FD0 /* Resources */,
			);
			buildRules = (
			);
			dependencies = (
				2B8A18872D0C9D3B00C24FD0 /* PBXTargetDependency */,
			);
			fileSystemSynchronizedGroups = (
				2B8A18882D0C9D3B00C24FD0 /* NooroTakeHomeTests */,
			);
			name = NooroTakeHomeTests;
			packageProductDependencies = (
			);
			productName = NooroTakeHomeTests;
			productReference = 2B8A18852D0C9D3B00C24FD0 /* NooroTakeHomeTests.xctest */;
			productType = "com.apple.product-type.bundle.unit-test";
		};
		2B8A188E2D0C9D3B00C24FD0 /* NooroTakeHomeUITests */ = {
			isa = PBXNativeTarget;
			buildConfigurationList = 2B8A189F2D0C9D3B00C24FD0 /* Build configuration list for PBXNativeTarget "NooroTakeHomeUITests" */;
			buildPhases = (
				2B8A188B2D0C9D3B00C24FD0 /* Sources */,
				2B8A188C2D0C9D3B00C24FD0 /* Frameworks */,
				2B8A188D2D0C9D3B00C24FD0 /* Resources */,
			);
			buildRules = (
			);
			dependencies = (
				2B8A18912D0C9D3B00C24FD0 /* PBXTargetDependency */,
			);
			fileSystemSynchronizedGroups = (
				2B8A18922D0C9D3B00C24FD0 /* NooroTakeHomeUITests */,
			);
			name = NooroTakeHomeUITests;
			packageProductDependencies = (
			);
			productName = NooroTakeHomeUITests;
			productReference = 2B8A188F2D0C9D3B00C24FD0 /* NooroTakeHomeUITests.xctest */;
			productType = "com.apple.product-type.bundle.ui-testing";
		};
/* End PBXNativeTarget section */

/* Begin PBXProject section */
		2B8A186C2D0C9D3800C24FD0 /* Project object */ = {
			isa = PBXProject;
			attributes = {
				BuildIndependentTargetsInParallel = 1;
				LastSwiftUpdateCheck = 1610;
				LastUpgradeCheck = 1610;
				TargetAttributes = {
					2B8A18732D0C9D3800C24FD0 = {
						CreatedOnToolsVersion = 16.1;
					};
					2B8A18842D0C9D3B00C24FD0 = {
						CreatedOnToolsVersion = 16.1;
						TestTargetID = 2B8A18732D0C9D3800C24FD0;
					};
					2B8A188E2D0C9D3B00C24FD0 = {
						CreatedOnToolsVersion = 16.1;
						TestTargetID = 2B8A18732D0C9D3800C24FD0;
					};
				};
			};
			buildConfigurationList = 2B8A186F2D0C9D3800C24FD0 /* Build configuration list for PBXProject "NooroTakeHome" */;
			developmentRegion = en;
			hasScannedForEncodings = 0;
			knownRegions = (
				en,
				Base,
			);
			mainGroup = 2B8A186B2D0C9D3800C24FD0;
			minimizedProjectReferenceProxies = 1;
			preferredProjectObjectVersion = 77;
			productRefGroup = 2B8A18752D0C9D3800C24FD0 /* Products */;
			projectDirPath = "";
			projectRoot = "";
			targets = (
				2B8A18732D0C9D3800C24FD0 /* NooroTakeHome */,
				2B8A18842D0C9D3B00C24FD0 /* NooroTakeHomeTests */,
				2B8A188E2D0C9D3B00C24FD0 /* NooroTakeHomeUITests */,
			);
		};
/* End PBXProject section */

/* Begin PBXResourcesBuildPhase section */
		2B8A18722D0C9D3800C24FD0 /* Resources */ = {
			isa = PBXResourcesBuildPhase;
			buildActionMask = 2147483647;
			files = (
			);
			runOnlyForDeploymentPostprocessing = 0;
		};
		2B8A18832D0C9D3B00C24FD0 /* Resources */ = {
			isa = PBXResourcesBuildPhase;
			buildActionMask = 2147483647;
			files = (
			);
			runOnlyForDeploymentPostprocessing = 0;
		};
		2B8A188D2D0C9D3B00C24FD0 /* Resources */ = {
			isa = PBXResourcesBuildPhase;
			buildActionMask = 2147483647;
			files = (
			);
			runOnlyForDeploymentPostprocessing = 0;
		};
/* End PBXResourcesBuildPhase section */

/* Begin PBXSourcesBuildPhase section */
		2B8A18702D0C9D3800C24FD0 /* Sources */ = {
			isa = PBXSourcesBuildPhase;
			buildActionMask = 2147483647;
			files = (
			);
			runOnlyForDeploymentPostprocessing = 0;
		};
		2B8A18812D0C9D3B00C24FD0 /* Sources */ = {
			isa = PBXSourcesBuildPhase;
			buildActionMask = 2147483647;
			files = (
			);
			runOnlyForDeploymentPostprocessing = 0;
		};
		2B8A188B2D0C9D3B00C24FD0 /* Sources */ = {
			isa = PBXSourcesBuildPhase;
			buildActionMask = 2147483647;
			files = (
			);
			runOnlyForDeploymentPostprocessing = 0;
		};
/* End PBXSourcesBuildPhase section */

/* Begin PBXTargetDependency section */
		2B8A18872D0C9D3B00C24FD0 /* PBXTargetDependency */ = {
			isa = PBXTargetDependency;
			target = 2B8A18732D0C9D3800C24FD0 /* NooroTakeHome */;
			targetProxy = 2B8A18862D0C9D3B00C24FD0 /* PBXContainerItemProxy */;
		};
		2B8A18912D0C9D3B00C24FD0 /* PBXTargetDependency */ = {
			isa = PBXTargetDependency;
			target = 2B8A18732D0C9D3800C24FD0 /* NooroTakeHome */;
			targetProxy = 2B8A18902D0C9D3B00C24FD0 /* PBXContainerItemProxy */;
		};
/* End PBXTargetDependency section */

/* Begin XCBuildConfiguration section */
		2B8A18972D0C9D3B00C24FD0 /* Debug */ = {
			isa = XCBuildConfiguration;
			buildSettings = {
				ALWAYS_SEARCH_USER_PATHS = NO;
				ASSETCATALOG_COMPILER_GENERATE_SWIFT_ASSET_SYMBOL_EXTENSIONS = YES;
				CLANG_ANALYZER_NONNULL = YES;
				CLANG_ANALYZER_NUMBER_OBJECT_CONVERSION = YES_AGGRESSIVE;
				CLANG_CXX_LANGUAGE_STANDARD = "gnu++20";
				CLANG_ENABLE_MODULES = YES;
				CLANG_ENABLE_OBJC_ARC = YES;
				CLANG_ENABLE_OBJC_WEAK = YES;
				CLANG_WARN_BLOCK_CAPTURE_AUTORELEASING = YES;
				CLANG_WARN_BOOL_CONVERSION = YES;
				CLANG_WARN_COMMA = YES;
				CLANG_WARN_CONSTANT_CONVERSION = YES;
				CLANG_WARN_DEPRECATED_OBJC_IMPLEMENTATIONS = YES;
				CLANG_WARN_DIRECT_OBJC_ISA_USAGE = YES_ERROR;
				CLANG_WARN_DOCUMENTATION_COMMENTS = YES;
				CLANG_WARN_EMPTY_BODY = YES;
				CLANG_WARN_ENUM_CONVERSION = YES;
				CLANG_WARN_INFINITE_RECURSION = YES;
				CLANG_WARN_INT_CONVERSION = YES;
				CLANG_WARN_NON_LITERAL_NULL_CONVERSION = YES;
				CLANG_WARN_OBJC_IMPLICIT_RETAIN_SELF = YES;
				CLANG_WARN_OBJC_LITERAL_CONVERSION = YES;
				CLANG_WARN_OBJC_ROOT_CLASS = YES_ERROR;
				CLANG_WARN_QUOTED_INCLUDE_IN_FRAMEWORK_HEADER = YES;
				CLANG_WARN_RANGE_LOOP_ANALYSIS = YES;
				CLANG_WARN_STRICT_PROTOTYPES = YES;
				CLANG_WARN_SUSPICIOUS_MOVE = YES;
				CLANG_WARN_UNGUARDED_AVAILABILITY = YES_AGGRESSIVE;
				CLANG_WARN_UNREACHABLE_CODE = YES;
				CLANG_WARN__DUPLICATE_METHOD_MATCH = YES;
				COPY_PHASE_STRIP = NO;
				DEBUG_INFORMATION_FORMAT = dwarf;
				ENABLE_STRICT_OBJC_MSGSEND = YES;
				ENABLE_TESTABILITY = YES;
				ENABLE_USER_SCRIPT_SANDBOXING = YES;
				GCC_C_LANGUAGE_STANDARD = gnu17;
				GCC_DYNAMIC_NO_PIC = NO;
				GCC_NO_COMMON_BLOCKS = YES;
				GCC_OPTIMIZATION_LEVEL = 0;
				GCC_PREPROCESSOR_DEFINITIONS = (
					"DEBUG=1",
					"$(inherited)",
				);
				GCC_WARN_64_TO_32_BIT_CONVERSION = YES;
				GCC_WARN_ABOUT_RETURN_TYPE = YES_ERROR;
				GCC_WARN_UNDECLARED_SELECTOR = YES;
				GCC_WARN_UNINITIALIZED_AUTOS = YES_AGGRESSIVE;
				GCC_WARN_UNUSED_FUNCTION = YES;
				GCC_WARN_UNUSED_VARIABLE = YES;
				LOCALIZATION_PREFERS_STRING_CATALOGS = YES;
				MTL_ENABLE_DEBUG_INFO = INCLUDE_SOURCE;
				MTL_FAST_MATH = YES;
				ONLY_ACTIVE_ARCH = YES;
				SWIFT_ACTIVE_COMPILATION_CONDITIONS = "DEBUG $(inherited)";
				SWIFT_OPTIMIZATION_LEVEL = "-Onone";
			};
			name = Debug;
		};
		2B8A18982D0C9D3B00C24FD0 /* Release */ = {
			isa = XCBuildConfiguration;
			buildSettings = {
				ALWAYS_SEARCH_USER_PATHS = NO;
				ASSETCATALOG_COMPILER_GENERATE_SWIFT_ASSET_SYMBOL_EXTENSIONS = YES;
				CLANG_ANALYZER_NONNULL = YES;
				CLANG_ANALYZER_NUMBER_OBJECT_CONVERSION = YES_AGGRESSIVE;
				CLANG_CXX_LANGUAGE_STANDARD = "gnu++20";
				CLANG_ENABLE_MODULES = YES;
				CLANG_ENABLE_OBJC_ARC = YES;
				CLANG_ENABLE_OBJC_WEAK = YES;
				CLANG_WARN_BLOCK_CAPTURE_AUTORELEASING = YES;
				CLANG_WARN_BOOL_CONVERSION = YES;
				CLANG_WARN_COMMA = YES;
				CLANG_WARN_CONSTANT_CONVERSION = YES;
				CLANG_WARN_DEPRECATED_OBJC_IMPLEMENTATIONS = YES;
				CLANG_WARN_DIRECT_OBJC_ISA_USAGE = YES_ERROR;
				CLANG_WARN_DOCUMENTATION_COMMENTS = YES;
				CLANG_WARN_EMPTY_BODY = YES;
				CLANG_WARN_ENUM_CONVERSION = YES;
				CLANG_WARN_INFINITE_RECURSION = YES;
				CLANG_WARN_INT_CONVERSION = YES;
				CLANG_WARN_NON_LITERAL_NULL_CONVERSION = YES;
				CLANG_WARN_OBJC_IMPLICIT_RETAIN_SELF = YES;
				CLANG_WARN_OBJC_LITERAL_CONVERSION = YES;
				CLANG_WARN_OBJC_ROOT_CLASS = YES_ERROR;
				CLANG_WARN_QUOTED_INCLUDE_IN_FRAMEWORK_HEADER = YES;
				CLANG_WARN_RANGE_LOOP_ANALYSIS = YES;
				CLANG_WARN_STRICT_PROTOTYPES = YES;
				CLANG_WARN_SUSPICIOUS_MOVE = YES;
				CLANG_WARN_UNGUARDED_AVAILABILITY = YES_AGGRESSIVE;
				CLANG_WARN_UNREACHABLE_CODE = YES;
				CLANG_WARN__DUPLICATE_METHOD_MATCH = YES;
				COPY_PHASE_STRIP = NO;
				DEBUG_INFORMATION_FORMAT = "dwarf-with-dsym";
				ENABLE_NS_ASSERTIONS = NO;
				ENABLE_STRICT_OBJC_MSGSEND = YES;
				ENABLE_USER_SCRIPT_SANDBOXING = YES;
				GCC_C_LANGUAGE_STANDARD = gnu17;
				GCC_NO_COMMON_BLOCKS = YES;
				GCC_WARN_64_TO_32_BIT_CONVERSION = YES;
				GCC_WARN_ABOUT_RETURN_TYPE = YES_ERROR;
				GCC_WARN_UNDECLARED_SELECTOR = YES;
				GCC_WARN_UNINITIALIZED_AUTOS = YES_AGGRESSIVE;
				GCC_WARN_UNUSED_FUNCTION = YES;
				GCC_WARN_UNUSED_VARIABLE = YES;
				LOCALIZATION_PREFERS_STRING_CATALOGS = YES;
				MTL_ENABLE_DEBUG_INFO = NO;
				MTL_FAST_MATH = YES;
				SWIFT_COMPILATION_MODE = wholemodule;
			};
			name = Release;
		};
		2B8A189A2D0C9D3B00C24FD0 /* Debug */ = {
			isa = XCBuildConfiguration;
			buildSettings = {
				ASSETCATALOG_COMPILER_APPICON_NAME = AppIcon;
				ASSETCATALOG_COMPILER_GLOBAL_ACCENT_COLOR_NAME = AccentColor;
				CODE_SIGN_ENTITLEMENTS = NooroTakeHome/NooroTakeHome.entitlements;
				CODE_SIGN_STYLE = Automatic;
				CURRENT_PROJECT_VERSION = 1;
				DEVELOPMENT_ASSET_PATHS = "\"NooroTakeHome/Preview Content\"";
				ENABLE_PREVIEWS = YES;
				GENERATE_INFOPLIST_FILE = YES;
				INFOPLIST_FILE = NooroTakeHome/Info.plist;
				INFOPLIST_KEY_LSApplicationCategoryType = "\"\"";
				"INFOPLIST_KEY_UIApplicationSceneManifest_Generation[sdk=iphoneos*]" = YES;
				"INFOPLIST_KEY_UIApplicationSceneManifest_Generation[sdk=iphonesimulator*]" = YES;
				"INFOPLIST_KEY_UIApplicationSupportsIndirectInputEvents[sdk=iphoneos*]" = YES;
				"INFOPLIST_KEY_UIApplicationSupportsIndirectInputEvents[sdk=iphonesimulator*]" = YES;
				"INFOPLIST_KEY_UILaunchScreen_Generation[sdk=iphoneos*]" = YES;
				"INFOPLIST_KEY_UILaunchScreen_Generation[sdk=iphonesimulator*]" = YES;
				"INFOPLIST_KEY_UIStatusBarStyle[sdk=iphoneos*]" = UIStatusBarStyleDefault;
				"INFOPLIST_KEY_UIStatusBarStyle[sdk=iphonesimulator*]" = UIStatusBarStyleDefault;
				INFOPLIST_KEY_UISupportedInterfaceOrientations_iPad = "UIInterfaceOrientationPortrait UIInterfaceOrientationPortraitUpsideDown UIInterfaceOrientationLandscapeLeft UIInterfaceOrientationLandscapeRight";
				INFOPLIST_KEY_UISupportedInterfaceOrientations_iPhone = "UIInterfaceOrientationPortrait UIInterfaceOrientationLandscapeLeft UIInterfaceOrientationLandscapeRight";
				IPHONEOS_DEPLOYMENT_TARGET = 18.1;
				LD_RUNPATH_SEARCH_PATHS = "@executable_path/Frameworks";
				"LD_RUNPATH_SEARCH_PATHS[sdk=macosx*]" = "@executable_path/../Frameworks";
				MACOSX_DEPLOYMENT_TARGET = 15.1;
				MARKETING_VERSION = 1.0;
				PRODUCT_BUNDLE_IDENTIFIER = dmitrii.matveichev.NooroTakeHome;
				PRODUCT_NAME = "$(TARGET_NAME)";
				SDKROOT = auto;
				SUPPORTED_PLATFORMS = "iphoneos iphonesimulator macosx xros xrsimulator";
				SWIFT_EMIT_LOC_STRINGS = YES;
				SWIFT_VERSION = 5.0;
				TARGETED_DEVICE_FAMILY = "1,2,7";
				XROS_DEPLOYMENT_TARGET = 2.1;
			};
			name = Debug;
		};
		2B8A189B2D0C9D3B00C24FD0 /* Release */ = {
			isa = XCBuildConfiguration;
			buildSettings = {
				ASSETCATALOG_COMPILER_APPICON_NAME = AppIcon;
				ASSETCATALOG_COMPILER_GLOBAL_ACCENT_COLOR_NAME = AccentColor;
				CODE_SIGN_ENTITLEMENTS = NooroTakeHome/NooroTakeHome.entitlements;
				CODE_SIGN_STYLE = Automatic;
				CURRENT_PROJECT_VERSION = 1;
				DEVELOPMENT_ASSET_PATHS = "\"NooroTakeHome/Preview Content\"";
				ENABLE_PREVIEWS = YES;
				GENERATE_INFOPLIST_FILE = YES;
				INFOPLIST_FILE = NooroTakeHome/Info.plist;
				INFOPLIST_KEY_LSApplicationCategoryType = "\"\"";
				"INFOPLIST_KEY_UIApplicationSceneManifest_Generation[sdk=iphoneos*]" = YES;
				"INFOPLIST_KEY_UIApplicationSceneManifest_Generation[sdk=iphonesimulator*]" = YES;
				"INFOPLIST_KEY_UIApplicationSupportsIndirectInputEvents[sdk=iphoneos*]" = YES;
				"INFOPLIST_KEY_UIApplicationSupportsIndirectInputEvents[sdk=iphonesimulator*]" = YES;
				"INFOPLIST_KEY_UILaunchScreen_Generation[sdk=iphoneos*]" = YES;
				"INFOPLIST_KEY_UILaunchScreen_Generation[sdk=iphonesimulator*]" = YES;
				"INFOPLIST_KEY_UIStatusBarStyle[sdk=iphoneos*]" = UIStatusBarStyleDefault;
				"INFOPLIST_KEY_UIStatusBarStyle[sdk=iphonesimulator*]" = UIStatusBarStyleDefault;
				INFOPLIST_KEY_UISupportedInterfaceOrientations_iPad = "UIInterfaceOrientationPortrait UIInterfaceOrientationPortraitUpsideDown UIInterfaceOrientationLandscapeLeft UIInterfaceOrientationLandscapeRight";
				INFOPLIST_KEY_UISupportedInterfaceOrientations_iPhone = "UIInterfaceOrientationPortrait UIInterfaceOrientationLandscapeLeft UIInterfaceOrientationLandscapeRight";
				IPHONEOS_DEPLOYMENT_TARGET = 18.1;
				LD_RUNPATH_SEARCH_PATHS = "@executable_path/Frameworks";
				"LD_RUNPATH_SEARCH_PATHS[sdk=macosx*]" = "@executable_path/../Frameworks";
				MACOSX_DEPLOYMENT_TARGET = 15.1;
				MARKETING_VERSION = 1.0;
				PRODUCT_BUNDLE_IDENTIFIER = dmitrii.matveichev.NooroTakeHome;
				PRODUCT_NAME = "$(TARGET_NAME)";
				SDKROOT = auto;
				SUPPORTED_PLATFORMS = "iphoneos iphonesimulator macosx xros xrsimulator";
				SWIFT_EMIT_LOC_STRINGS = YES;
				SWIFT_VERSION = 5.0;
				TARGETED_DEVICE_FAMILY = "1,2,7";
				XROS_DEPLOYMENT_TARGET = 2.1;
			};
			name = Release;
		};
		2B8A189D2D0C9D3B00C24FD0 /* Debug */ = {
			isa = XCBuildConfiguration;
			buildSettings = {
				BUNDLE_LOADER = "$(TEST_HOST)";
				CODE_SIGN_STYLE = Automatic;
				CURRENT_PROJECT_VERSION = 1;
				GENERATE_INFOPLIST_FILE = YES;
				IPHONEOS_DEPLOYMENT_TARGET = 18.1;
				MACOSX_DEPLOYMENT_TARGET = 15.1;
				MARKETING_VERSION = 1.0;
				PRODUCT_BUNDLE_IDENTIFIER = dmitrii.matveichev.NooroTakeHomeTests;
				PRODUCT_NAME = "$(TARGET_NAME)";
				SDKROOT = auto;
				SUPPORTED_PLATFORMS = "iphoneos iphonesimulator macosx xros xrsimulator";
				SWIFT_EMIT_LOC_STRINGS = NO;
				SWIFT_VERSION = 5.0;
				TARGETED_DEVICE_FAMILY = "1,2,7";
				TEST_HOST = "$(BUILT_PRODUCTS_DIR)/NooroTakeHome.app/$(BUNDLE_EXECUTABLE_FOLDER_PATH)/NooroTakeHome";
				XROS_DEPLOYMENT_TARGET = 2.1;
			};
			name = Debug;
		};
		2B8A189E2D0C9D3B00C24FD0 /* Release */ = {
			isa = XCBuildConfiguration;
			buildSettings = {
				BUNDLE_LOADER = "$(TEST_HOST)";
				CODE_SIGN_STYLE = Automatic;
				CURRENT_PROJECT_VERSION = 1;
				GENERATE_INFOPLIST_FILE = YES;
				IPHONEOS_DEPLOYMENT_TARGET = 18.1;
				MACOSX_DEPLOYMENT_TARGET = 15.1;
				MARKETING_VERSION = 1.0;
				PRODUCT_BUNDLE_IDENTIFIER = dmitrii.matveichev.NooroTakeHomeTests;
				PRODUCT_NAME = "$(TARGET_NAME)";
				SDKROOT = auto;
				SUPPORTED_PLATFORMS = "iphoneos iphonesimulator macosx xros xrsimulator";
				SWIFT_EMIT_LOC_STRINGS = NO;
				SWIFT_VERSION = 5.0;
				TARGETED_DEVICE_FAMILY = "1,2,7";
				TEST_HOST = "$(BUILT_PRODUCTS_DIR)/NooroTakeHome.app/$(BUNDLE_EXECUTABLE_FOLDER_PATH)/NooroTakeHome";
				XROS_DEPLOYMENT_TARGET = 2.1;
			};
			name = Release;
		};
		2B8A18A02D0C9D3B00C24FD0 /* Debug */ = {
			isa = XCBuildConfiguration;
			buildSettings = {
				CODE_SIGN_STYLE = Automatic;
				CURRENT_PROJECT_VERSION = 1;
				GENERATE_INFOPLIST_FILE = YES;
				IPHONEOS_DEPLOYMENT_TARGET = 18.1;
				MACOSX_DEPLOYMENT_TARGET = 15.1;
				MARKETING_VERSION = 1.0;
				PRODUCT_BUNDLE_IDENTIFIER = dmitrii.matveichev.NooroTakeHomeUITests;
				PRODUCT_NAME = "$(TARGET_NAME)";
				SDKROOT = auto;
				SUPPORTED_PLATFORMS = "iphoneos iphonesimulator macosx xros xrsimulator";
				SWIFT_EMIT_LOC_STRINGS = NO;
				SWIFT_VERSION = 5.0;
				TARGETED_DEVICE_FAMILY = "1,2,7";
				TEST_TARGET_NAME = NooroTakeHome;
				XROS_DEPLOYMENT_TARGET = 2.1;
			};
			name = Debug;
		};
		2B8A18A12D0C9D3B00C24FD0 /* Release */ = {
			isa = XCBuildConfiguration;
			buildSettings = {
				CODE_SIGN_STYLE = Automatic;
				CURRENT_PROJECT_VERSION = 1;
				GENERATE_INFOPLIST_FILE = YES;
				IPHONEOS_DEPLOYMENT_TARGET = 18.1;
				MACOSX_DEPLOYMENT_TARGET = 15.1;
				MARKETING_VERSION = 1.0;
				PRODUCT_BUNDLE_IDENTIFIER = dmitrii.matveichev.NooroTakeHomeUITests;
				PRODUCT_NAME = "$(TARGET_NAME)";
				SDKROOT = auto;
				SUPPORTED_PLATFORMS = "iphoneos iphonesimulator macosx xros xrsimulator";
				SWIFT_EMIT_LOC_STRINGS = NO;
				SWIFT_VERSION = 5.0;
				TARGETED_DEVICE_FAMILY = "1,2,7";
				TEST_TARGET_NAME = NooroTakeHome;
				XROS_DEPLOYMENT_TARGET = 2.1;
			};
			name = Release;
		};
/* End XCBuildConfiguration section */

/* Begin XCConfigurationList section */
		2B8A186F2D0C9D3800C24FD0 /* Build configuration list for PBXProject "NooroTakeHome" */ = {
			isa = XCConfigurationList;
			buildConfigurations = (
				2B8A18972D0C9D3B00C24FD0 /* Debug */,
				2B8A18982D0C9D3B00C24FD0 /* Release */,
			);
			defaultConfigurationIsVisible = 0;
			defaultConfigurationName = Release;
		};
		2B8A18992D0C9D3B00C24FD0 /* Build configuration list for PBXNativeTarget "NooroTakeHome" */ = {
			isa = XCConfigurationList;
			buildConfigurations = (
				2B8A189A2D0C9D3B00C24FD0 /* Debug */,
				2B8A189B2D0C9D3B00C24FD0 /* Release */,
			);
			defaultConfigurationIsVisible = 0;
			defaultConfigurationName = Release;
		};
		2B8A189C2D0C9D3B00C24FD0 /* Build configuration list for PBXNativeTarget "NooroTakeHomeTests" */ = {
			isa = XCConfigurationList;
			buildConfigurations = (
				2B8A189D2D0C9D3B00C24FD0 /* Debug */,
				2B8A189E2D0C9D3B00C24FD0 /* Release */,
			);
			defaultConfigurationIsVisible = 0;
			defaultConfigurationName = Release;
		};
		2B8A189F2D0C9D3B00C24FD0 /* Build configuration list for PBXNativeTarget "NooroTakeHomeUITests" */ = {
			isa = XCConfigurationList;
			buildConfigurations = (
				2B8A18A02D0C9D3B00C24FD0 /* Debug */,
				2B8A18A12D0C9D3B00C24FD0 /* Release */,
			);
			defaultConfigurationIsVisible = 0;
			defaultConfigurationName = Release;
		};
/* End XCConfigurationList section */
	};
	rootObject = 2B8A186C2D0C9D3800C24FD0 /* Project object */;
}
